
Microsoft Visual Studio Solution File, Format Version 12.00
# Visual Studio 15
VisualStudioVersion = 15.0.28307.421
MinimumVisualStudioVersion = 10.0.40219.1
Project("{FAE04EC0-301F-11D3-BF4B-00C04F79EFBC}") = "E-shop", "E-shop\E-shop.csproj", "{7216109A-9173-4E5D-8424-E694A3562A86}"
EndProject
Project("{FAE04EC0-301F-11D3-BF4B-00C04F79EFBC}") = "Classes", "Classes\Classes.csproj", "{3F8BFE1C-8836-4F31-BF88-C9C3C1E4775F}"
EndProject
Global
	GlobalSection(SolutionConfigurationPlatforms) = preSolution
		Debug|Any CPU = Debug|Any CPU
		Release|Any CPU = Release|Any CPU
	EndGlobalSection
	GlobalSection(ProjectConfigurationPlatforms) = postSolution
		{7216109A-9173-4E5D-8424-E694A3562A86}.Debug|Any CPU.ActiveCfg = Debug|Any CPU
		{7216109A-9173-4E5D-8424-E694A3562A86}.Debug|Any CPU.Build.0 = Debug|Any CPU
		{7216109A-9173-4E5D-8424-E694A3562A86}.Release|Any CPU.ActiveCfg = Release|Any CPU
		{7216109A-9173-4E5D-8424-E694A3562A86}.Release|Any CPU.Build.0 = Release|Any CPU
		{3F8BFE1C-8836-4F31-BF88-C9C3C1E4775F}.Debug|Any CPU.ActiveCfg = Debug|Any CPU
		{3F8BFE1C-8836-4F31-BF88-C9C3C1E4775F}.Debug|Any CPU.Build.0 = Debug|Any CPU
		{3F8BFE1C-8836-4F31-BF88-C9C3C1E4775F}.Release|Any CPU.ActiveCfg = Release|Any CPU
		{3F8BFE1C-8836-4F31-BF88-C9C3C1E4775F}.Release|Any CPU.Build.0 = Release|Any CPU
	EndGlobalSection
	GlobalSection(SolutionProperties) = preSolution
		HideSolutionNode = FALSE
	EndGlobalSection
	GlobalSection(ExtensibilityGlobals) = postSolution
		SolutionGuid = {4C14CBA4-7CA0-4354-A518-66A7357A62EA}
	EndGlobalSection
EndGlobal
